<Solution>
  <Project Path="../KeyEngine.Console/KeyEngine.Console.csproj" Id="ef720d18-b399-4d65-9d88-6ad0405c96ad" />
  <Project Path="../TestApp/KeyEngine.TestApp.csproj" Id="6a74f7f0-354f-412c-9333-84e85c6ac301" />
  <Project Path="../TestPlugin/KeyEngine.TestPlugin.csproj" Id="b256b7bd-dba8-414c-ad2a-0961641f0da7" />
  <Project Path="KeyEngine.csproj" />
</Solution>
